
Microsoft Visual Studio Solution File, Format Version 12.00
# Visual Studio Version 17
VisualStudioVersion = 17.0.31903.59
MinimumVisualStudioVersion = 10.0.40219.1
Project("{FAE04EC0-301F-11D3-BF4B-00C04F79EFBC}") = "Breakfast.Contracts", "Breakfast.Contracts\Breakfast.Contracts.csproj", "{B13AE700-E2D5-4641-AB9E-E16EAE558C1E}"
EndProject
Project("{FAE04EC0-301F-11D3-BF4B-00C04F79EFBC}") = "Breakfast", "Breakfast\Breakfast.csproj", "{2EB90D26-0660-4FA6-99F3-AA7148937F6A}"
EndProject
Global
	GlobalSection(SolutionConfigurationPlatforms) = preSolution
		Debug|Any CPU = Debug|Any CPU
		Release|Any CPU = Release|Any CPU
	EndGlobalSection
	GlobalSection(SolutionProperties) = preSolution
		HideSolutionNode = FALSE
	EndGlobalSection
	GlobalSection(ProjectConfigurationPlatforms) = postSolution
		{B13AE700-E2D5-4641-AB9E-E16EAE558C1E}.Debug|Any CPU.ActiveCfg = Debug|Any CPU
		{B13AE700-E2D5-4641-AB9E-E16EAE558C1E}.Debug|Any CPU.Build.0 = Debug|Any CPU
		{B13AE700-E2D5-4641-AB9E-E16EAE558C1E}.Release|Any CPU.ActiveCfg = Release|Any CPU
		{B13AE700-E2D5-4641-AB9E-E16EAE558C1E}.Release|Any CPU.Build.0 = Release|Any CPU
		{2EB90D26-0660-4FA6-99F3-AA7148937F6A}.Debug|Any CPU.ActiveCfg = Debug|Any CPU
		{2EB90D26-0660-4FA6-99F3-AA7148937F6A}.Debug|Any CPU.Build.0 = Debug|Any CPU
		{2EB90D26-0660-4FA6-99F3-AA7148937F6A}.Release|Any CPU.ActiveCfg = Release|Any CPU
		{2EB90D26-0660-4FA6-99F3-AA7148937F6A}.Release|Any CPU.Build.0 = Release|Any CPU
	EndGlobalSection
EndGlobal
